
Microsoft Visual Studio Solution File, Format Version 12.00
# Visual Studio Version 16
VisualStudioVersion = 16.0.29403.142
MinimumVisualStudioVersion = 10.0.40219.1
Project("{FAE04EC0-301F-11D3-BF4B-00C04F79EFBC}") = "SplitCSV", "SplitCSV.csproj", "{B8E36EFC-AA94-43E6-8BBE-4574CF5F18AD}"
EndProject
Global
	GlobalSection(SolutionConfigurationPlatforms) = preSolution
		Debug|Any CPU = Debug|Any CPU
		Release|Any CPU = Release|Any CPU
	EndGlobalSection
	GlobalSection(ProjectConfigurationPlatforms) = postSolution
		{B8E36EFC-AA94-43E6-8BBE-4574CF5F18AD}.Debug|Any CPU.ActiveCfg = Debug|Any CPU
		{B8E36EFC-AA94-43E6-8BBE-4574CF5F18AD}.Debug|Any CPU.Build.0 = Debug|Any CPU
		{B8E36EFC-AA94-43E6-8BBE-4574CF5F18AD}.Release|Any CPU.ActiveCfg = Release|Any CPU
		{B8E36EFC-AA94-43E6-8BBE-4574CF5F18AD}.Release|Any CPU.Build.0 = Release|Any CPU
	EndGlobalSection
	GlobalSection(SolutionProperties) = preSolution
		HideSolutionNode = FALSE
	EndGlobalSection
	GlobalSection(ExtensibilityGlobals) = postSolution
		SolutionGuid = {3F190FB8-2C47-485C-9F16-53821119A146}
	EndGlobalSection
EndGlobal
